// !$*UTF8*$!
{
	archiveVersion = 1;
	classes = {
	};
	objectVersion = 46;
	objects = {

/* Begin PBXBuildFile section */
		E4372F1119DFB457008F69F6 /* main.m in Sources */ = {isa = PBXBuildFile; fileRef = E4372F1019DFB457008F69F6 /* main.m */; };
		E4372F1419DFB457008F69F6 /* AppDelegate.m in Sources */ = {isa = PBXBuildFile; fileRef = E4372F1319DFB457008F69F6 /* AppDelegate.m */; };
		E4372F1719DFB457008F69F6 /* MasterViewController.m in Sources */ = {isa = PBXBuildFile; fileRef = E4372F1619DFB457008F69F6 /* MasterViewController.m */; };
		E4372F1A19DFB457008F69F6 /* DetailViewController.m in Sources */ = {isa = PBXBuildFile; fileRef = E4372F1919DFB457008F69F6 /* DetailViewController.m */; };
		E4372F1D19DFB457008F69F6 /* Main.storyboard in Resources */ = {isa = PBXBuildFile; fileRef = E4372F1B19DFB457008F69F6 /* Main.storyboard */; };
		E4372F1F19DFB457008F69F6 /* Images.xcassets in Resources */ = {isa = PBXBuildFile; fileRef = E4372F1E19DFB457008F69F6 /* Images.xcassets */; };
		E4372F2219DFB457008F69F6 /* LaunchScreen.xib in Resources */ = {isa = PBXBuildFile; fileRef = E4372F2019DFB457008F69F6 /* LaunchScreen.xib */; };
		E4372F2E19DFB457008F69F6 /* BlogReaderTests.m in Sources */ = {isa = PBXBuildFile; fileRef = E4372F2D19DFB457008F69F6 /* BlogReaderTests.m */; };
/* End PBXBuildFile section */

/* Begin PBXContainerItemProxy section */
		E4372F2819DFB457008F69F6 /* PBXContainerItemProxy */ = {
			isa = PBXContainerItemProxy;
			containerPortal = E4372F0319DFB457008F69F6 /* Project object */;
			proxyType = 1;
			remoteGlobalIDString = E4372F0A19DFB457008F69F6;
			remoteInfo = BlogReader;
		};
/* End PBXContainerItemProxy section */

/* Begin PBXFileReference section */
		E4372F0B19DFB457008F69F6 /* BlogReader.app */ = {isa = PBXFileReference; explicitFileType = wrapper.application; includeInIndex = 0; path = BlogReader.app; sourceTree = BUILT_PRODUCTS_DIR; };
		E4372F0F19DFB457008F69F6 /* Info.plist */ = {isa = PBXFileReference; lastKnownFileType = text.plist.xml; path = Info.plist; sourceTree = "<group>"; };
		E4372F1019DFB457008F69F6 /* main.m */ = {isa = PBXFileReference; lastKnownFileType = sourcecode.c.objc; path = main.m; sourceTree = "<group>"; };
		E4372F1219DFB457008F69F6 /* AppDelegate.h */ = {isa = PBXFileReference; lastKnownFileType = sourcecode.c.h; path = AppDelegate.h; sourceTree = "<group>"; };
		E4372F1319DFB457008F69F6 /* AppDelegate.m */ = {isa = PBXFileReference; lastKnownFileType = sourcecode.c.objc; path = AppDelegate.m; sourceTree = "<group>"; };
		E4372F1519DFB457008F69F6 /* MasterViewController.h */ = {isa = PBXFileReference; lastKnownFileType = sourcecode.c.h; path = MasterViewController.h; sourceTree = "<group>"; };
		E4372F1619DFB457008F69F6 /* MasterViewController.m */ = {isa = PBXFileReference; lastKnownFileType = sourcecode.c.objc; path = MasterViewController.m; sourceTree = "<group>"; };
		E4372F1819DFB457008F69F6 /* DetailViewController.h */ = {isa = PBXFileReference; lastKnownFileType = sourcecode.c.h; path = DetailViewController.h; sourceTree = "<group>"; };
		E4372F1919DFB457008F69F6 /* DetailViewController.m */ = {isa = PBXFileReference; lastKnownFileType = sourcecode.c.objc; path = DetailViewController.m; sourceTree = "<group>"; };
		E4372F1C19DFB457008F69F6 /* Base */ = {isa = PBXFileReference; lastKnownFileType = file.storyboard; name = Base; path = Base.lproj/Main.storyboard; sourceTree = "<group>"; };
		E4372F1E19DFB457008F69F6 /* Images.xcassets */ = {isa = PBXFileReference; lastKnownFileType = folder.assetcatalog; path = Images.xcassets; sourceTree = "<group>"; };
		E4372F2119DFB457008F69F6 /* Base */ = {isa = PBXFileReference; lastKnownFileType = file.xib; name = Base; path = Base.lproj/LaunchScreen.xib; sourceTree = "<group>"; };
		E4372F2719DFB457008F69F6 /* BlogReaderTests.xctest */ = {isa = PBXFileReference; explicitFileType = wrapper.cfbundle; includeInIndex = 0; path = BlogReaderTests.xctest; sourceTree = BUILT_PRODUCTS_DIR; };
		E4372F2C19DFB457008F69F6 /* Info.plist */ = {isa = PBXFileReference; lastKnownFileType = text.plist.xml; path = Info.plist; sourceTree = "<group>"; };
		E4372F2D19DFB457008F69F6 /* BlogReaderTests.m */ = {isa = PBXFileReference; lastKnownFileType = sourcecode.c.objc; path = BlogReaderTests.m; sourceTree = "<group>"; };
/* End PBXFileReference section */

/* Begin PBXFrameworksBuildPhase section */
		E4372F0819DFB457008F69F6 /* Frameworks */ = {
			isa = PBXFrameworksBuildPhase;
			buildActionMask = 2147483647;
			files = (
			);
			runOnlyForDeploymentPostprocessing = 0;
		};
		E4372F2419DFB457008F69F6 /* Frameworks */ = {
			isa = PBXFrameworksBuildPhase;
			buildActionMask = 2147483647;
			files = (
			);
			runOnlyForDeploymentPostprocessing = 0;
		};
/* End PBXFrameworksBuildPhase section */

/* Begin PBXGroup section */
		E4372F0219DFB457008F69F6 = {
			isa = PBXGroup;
			children = (
				E4372F0D19DFB457008F69F6 /* BlogReader */,
				E4372F2A19DFB457008F69F6 /* BlogReaderTests */,
				E4372F0C19DFB457008F69F6 /* Products */,
			);
			sourceTree = "<group>";
		};
		E4372F0C19DFB457008F69F6 /* Products */ = {
			isa = PBXGroup;
			children = (
				E4372F0B19DFB457008F69F6 /* BlogReader.app */,
				E4372F2719DFB457008F69F6 /* BlogReaderTests.xctest */,
			);
			name = Products;
			sourceTree = "<group>";
		};
		E4372F0D19DFB457008F69F6 /* BlogReader */ = {
			isa = PBXGroup;
			children = (
				E4372F1219DFB457008F69F6 /* AppDelegate.h */,
				E4372F1319DFB457008F69F6 /* AppDelegate.m */,
				E4372F1519DFB457008F69F6 /* MasterViewController.h */,
				E4372F1619DFB457008F69F6 /* MasterViewController.m */,
				E4372F1819DFB457008F69F6 /* DetailViewController.h */,
				E4372F1919DFB457008F69F6 /* DetailViewController.m */,
				E4372F1B19DFB457008F69F6 /* Main.storyboard */,
				E4372F1E19DFB457008F69F6 /* Images.xcassets */,
				E4372F2019DFB457008F69F6 /* LaunchScreen.xib */,
				E4372F0E19DFB457008F69F6 /* Supporting Files */,
			);
			path = BlogReader;
			sourceTree = "<group>";
		};
		E4372F0E19DFB457008F69F6 /* Supporting Files */ = {
			isa = PBXGroup;
			children = (
				E4372F0F19DFB457008F69F6 /* Info.plist */,
				E4372F1019DFB457008F69F6 /* main.m */,
			);
			name = "Supporting Files";
			sourceTree = "<group>";
		};
		E4372F2A19DFB457008F69F6 /* BlogReaderTests */ = {
			isa = PBXGroup;
			children = (
				E4372F2D19DFB457008F69F6 /* BlogReaderTests.m */,
				E4372F2B19DFB457008F69F6 /* Supporting Files */,
			);
			path = BlogReaderTests;
			sourceTree = "<group>";
		};
		E4372F2B19DFB457008F69F6 /* Supporting Files */ = {
			isa = PBXGroup;
			children = (
				E4372F2C19DFB457008F69F6 /* Info.plist */,
			);
			name = "Supporting Files";
			sourceTree = "<group>";
		};
/* End PBXGroup section */

/* Begin PBXNativeTarget section */
		E4372F0A19DFB457008F69F6 /* BlogReader */ = {
			isa = PBXNativeTarget;
			buildConfigurationList = E4372F3119DFB457008F69F6 /* Build configuration list for PBXNativeTarget "BlogReader" */;
			buildPhases = (
				E4372F0719DFB457008F69F6 /* Sources */,
				E4372F0819DFB457008F69F6 /* Frameworks */,
				E4372F0919DFB457008F69F6 /* Resources */,
			);
			buildRules = (
			);
			dependencies = (
			);
			name = BlogReader;
			productName = BlogReader;
			productReference = E4372F0B19DFB457008F69F6 /* BlogReader.app */;
			productType = "com.apple.product-type.application";
		};
		E4372F2619DFB457008F69F6 /* BlogReaderTests */ = {
			isa = PBXNativeTarget;
			buildConfigurationList = E4372F3419DFB457008F69F6 /* Build configuration list for PBXNativeTarget "BlogReaderTests" */;
			buildPhases = (
				E4372F2319DFB457008F69F6 /* Sources */,
				E4372F2419DFB457008F69F6 /* Frameworks */,
				E4372F2519DFB457008F69F6 /* Resources */,
			);
			buildRules = (
			);
			dependencies = (
				E4372F2919DFB457008F69F6 /* PBXTargetDependency */,
			);
			name = BlogReaderTests;
			productName = BlogReaderTests;
			productReference = E4372F2719DFB457008F69F6 /* BlogReaderTests.xctest */;
			productType = "com.apple.product-type.bundle.unit-test";
		};
/* End PBXNativeTarget section */

/* Begin PBXProject section */
		E4372F0319DFB457008F69F6 /* Project object */ = {
			isa = PBXProject;
			attributes = {
				LastUpgradeCheck = 0600;
				ORGANIZATIONNAME = Globant;
				TargetAttributes = {
					E4372F0A19DFB457008F69F6 = {
						CreatedOnToolsVersion = 6.0.1;
					};
					E4372F2619DFB457008F69F6 = {
						CreatedOnToolsVersion = 6.0.1;
						TestTargetID = E4372F0A19DFB457008F69F6;
					};
				};
			};
			buildConfigurationList = E4372F0619DFB457008F69F6 /* Build configuration list for PBXProject "BlogReader" */;
			compatibilityVersion = "Xcode 3.2";
			developmentRegion = English;
			hasScannedForEncodings = 0;
			knownRegions = (
				en,
				Base,
			);
			mainGroup = E4372F0219DFB457008F69F6;
			productRefGroup = E4372F0C19DFB457008F69F6 /* Products */;
			projectDirPath = "";
			projectRoot = "";
			targets = (
				E4372F0A19DFB457008F69F6 /* BlogReader */,
				E4372F2619DFB457008F69F6 /* BlogReaderTests */,
			);
		};
/* End PBXProject section */

/* Begin PBXResourcesBuildPhase section */
		E4372F0919DFB457008F69F6 /* Resources */ = {
			isa = PBXResourcesBuildPhase;
			buildActionMask = 2147483647;
			files = (
				E4372F1D19DFB457008F69F6 /* Main.storyboard in Resources */,
				E4372F2219DFB457008F69F6 /* LaunchScreen.xib in Resources */,
				E4372F1F19DFB457008F69F6 /* Images.xcassets in Resources */,
			);
			runOnlyForDeploymentPostprocessing = 0;
		};
		E4372F2519DFB457008F69F6 /* Resources */ = {
			isa = PBXResourcesBuildPhase;
			buildActionMask = 2147483647;
			files = (
			);
			runOnlyForDeploymentPostprocessing = 0;
		};
/* End PBXResourcesBuildPhase section */

/* Begin PBXSourcesBuildPhase section */
		E4372F0719DFB457008F69F6 /* Sources */ = {
			isa = PBXSourcesBuildPhase;
			buildActionMask = 2147483647;
			files = (
				E4372F1419DFB457008F69F6 /* AppDelegate.m in Sources */,
				E4372F1719DFB457008F69F6 /* MasterViewController.m in Sources */,
				E4372F1119DFB457008F69F6 /* main.m in Sources */,
				E4372F1A19DFB457008F69F6 /* DetailViewController.m in Sources */,
			);
			runOnlyForDeploymentPostprocessing = 0;
		};
		E4372F2319DFB457008F69F6 /* Sources */ = {
			isa = PBXSourcesBuildPhase;
			buildActionMask = 2147483647;
			files = (
				E4372F2E19DFB457008F69F6 /* BlogReaderTests.m in Sources */,
			);
			runOnlyForDeploymentPostprocessing = 0;
		};
/* End PBXSourcesBuildPhase section */

/* Begin PBXTargetDependency section */
		E4372F2919DFB457008F69F6 /* PBXTargetDependency */ = {
			isa = PBXTargetDependency;
			target = E4372F0A19DFB457008F69F6 /* BlogReader */;
			targetProxy = E4372F2819DFB457008F69F6 /* PBXContainerItemProxy */;
		};
/* End PBXTargetDependency section */

/* Begin PBXVariantGroup section */
		E4372F1B19DFB457008F69F6 /* Main.storyboard */ = {
			isa = PBXVariantGroup;
			children = (
				E4372F1C19DFB457008F69F6 /* Base */,
			);
			name = Main.storyboard;
			sourceTree = "<group>";
		};
		E4372F2019DFB457008F69F6 /* LaunchScreen.xib */ = {
			isa = PBXVariantGroup;
			children = (
				E4372F2119DFB457008F69F6 /* Base */,
			);
			name = LaunchScreen.xib;
			sourceTree = "<group>";
		};
/* End PBXVariantGroup section */

/* Begin XCBuildConfiguration section */
		E4372F2F19DFB457008F69F6 /* Debug */ = {
			isa = XCBuildConfiguration;
			buildSettings = {
				ALWAYS_SEARCH_USER_PATHS = NO;
				CLANG_CXX_LANGUAGE_STANDARD = "gnu++0x";
				CLANG_CXX_LIBRARY = "libc++";
				CLANG_ENABLE_MODULES = YES;
				CLANG_ENABLE_OBJC_ARC = YES;
				CLANG_WARN_BOOL_CONVERSION = YES;
				CLANG_WARN_CONSTANT_CONVERSION = YES;
				CLANG_WARN_DIRECT_OBJC_ISA_USAGE = YES_ERROR;
				CLANG_WARN_EMPTY_BODY = YES;
				CLANG_WARN_ENUM_CONVERSION = YES;
				CLANG_WARN_INT_CONVERSION = YES;
				CLANG_WARN_OBJC_ROOT_CLASS = YES_ERROR;
				CLANG_WARN_UNREACHABLE_CODE = YES;
				CLANG_WARN__DUPLICATE_METHOD_MATCH = YES;
				"CODE_SIGN_IDENTITY[sdk=iphoneos*]" = "iPhone Developer";
				COPY_PHASE_STRIP = NO;
				ENABLE_STRICT_OBJC_MSGSEND = YES;
				GCC_C_LANGUAGE_STANDARD = gnu99;
				GCC_DYNAMIC_NO_PIC = NO;
				GCC_OPTIMIZATION_LEVEL = 0;
				GCC_PREPROCESSOR_DEFINITIONS = (
					"DEBUG=1",
					"$(inherited)",
				);
				GCC_SYMBOLS_PRIVATE_EXTERN = NO;
				GCC_WARN_64_TO_32_BIT_CONVERSION = YES;
				GCC_WARN_ABOUT_RETURN_TYPE = YES_ERROR;
				GCC_WARN_UNDECLARED_SELECTOR = YES;
				GCC_WARN_UNINITIALIZED_AUTOS = YES_AGGRESSIVE;
				GCC_WARN_UNUSED_FUNCTION = YES;
				GCC_WARN_UNUSED_VARIABLE = YES;
				IPHONEOS_DEPLOYMENT_TARGET = 8.0;
				MTL_ENABLE_DEBUG_INFO = YES;
				ONLY_ACTIVE_ARCH = YES;
				SDKROOT = iphoneos;
			};
			name = Debug;
		};
		E4372F3019DFB457008F69F6 /* Release */ = {
			isa = XCBuildConfiguration;
			buildSettings = {
				ALWAYS_SEARCH_USER_PATHS = NO;
				CLANG_CXX_LANGUAGE_STANDARD = "gnu++0x";
				CLANG_CXX_LIBRARY = "libc++";
				CLANG_ENABLE_MODULES = YES;
				CLANG_ENABLE_OBJC_ARC = YES;
				CLANG_WARN_BOOL_CONVERSION = YES;
				CLANG_WARN_CONSTANT_CONVERSION = YES;
				CLANG_WARN_DIRECT_OBJC_ISA_USAGE = YES_ERROR;
				CLANG_WARN_EMPTY_BODY = YES;
				CLANG_WARN_ENUM_CONVERSION = YES;
				CLANG_WARN_INT_CONVERSION = YES;
				CLANG_WARN_OBJC_ROOT_CLASS = YES_ERROR;
				CLANG_WARN_UNREACHABLE_CODE = YES;
				CLANG_WARN__DUPLICATE_METHOD_MATCH = YES;
				"CODE_SIGN_IDENTITY[sdk=iphoneos*]" = "iPhone Developer";
				COPY_PHASE_STRIP = YES;
				ENABLE_NS_ASSERTIONS = NO;
				ENABLE_STRICT_OBJC_MSGSEND = YES;
				GCC_C_LANGUAGE_STANDARD = gnu99;
				GCC_WARN_64_TO_32_BIT_CONVERSION = YES;
				GCC_WARN_ABOUT_RETURN_TYPE = YES_ERROR;
				GCC_WARN_UNDECLARED_SELECTOR = YES;
				GCC_WARN_UNINITIALIZED_AUTOS = YES_AGGRESSIVE;
				GCC_WARN_UNUSED_FUNCTION = YES;
				GCC_WARN_UNUSED_VARIABLE = YES;
				IPHONEOS_DEPLOYMENT_TARGET = 8.0;
				MTL_ENABLE_DEBUG_INFO = NO;
				SDKROOT = iphoneos;
				VALIDATE_PRODUCT = YES;
			};
			name = Release;
		};
		E4372F3219DFB457008F69F6 /* Debug */ = {
			isa = XCBuildConfiguration;
			buildSettings = {
				ASSETCATALOG_COMPILER_APPICON_NAME = AppIcon;
				INFOPLIST_FILE = BlogReader/Info.plist;
				LD_RUNPATH_SEARCH_PATHS = "$(inherited) @executable_path/Frameworks";
				PRODUCT_NAME = "$(TARGET_NAME)";
			};
			name = Debug;
		};
		E4372F3319DFB457008F69F6 /* Release */ = {
			isa = XCBuildConfiguration;
			buildSettings = {
				ASSETCATALOG_COMPILER_APPICON_NAME = AppIcon;
				INFOPLIST_FILE = BlogReader/Info.plist;
				LD_RUNPATH_SEARCH_PATHS = "$(inherited) @executable_path/Frameworks";
				PRODUCT_NAME = "$(TARGET_NAME)";
			};
			name = Release;
		};
		E4372F3519DFB457008F69F6 /* Debug */ = {
			isa = XCBuildConfiguration;
			buildSettings = {
				BUNDLE_LOADER = "$(TEST_HOST)";
				FRAMEWORK_SEARCH_PATHS = (
					"$(SDKROOT)/Developer/Library/Frameworks",
					"$(inherited)",
				);
				GCC_PREPROCESSOR_DEFINITIONS = (
					"DEBUG=1",
					"$(inherited)",
				);
				INFOPLIST_FILE = BlogReaderTests/Info.plist;
				LD_RUNPATH_SEARCH_PATHS = "$(inherited) @executable_path/Frameworks @loader_path/Frameworks";
				PRODUCT_NAME = "$(TARGET_NAME)";
				TEST_HOST = "$(BUILT_PRODUCTS_DIR)/BlogReader.app/BlogReader";
			};
			name = Debug;
		};
		E4372F3619DFB457008F69F6 /* Release */ = {
			isa = XCBuildConfiguration;
			buildSettings = {
				BUNDLE_LOADER = "$(TEST_HOST)";
				FRAMEWORK_SEARCH_PATHS = (
					"$(SDKROOT)/Developer/Library/Frameworks",
					"$(inherited)",
				);
				INFOPLIST_FILE = BlogReaderTests/Info.plist;
				LD_RUNPATH_SEARCH_PATHS = "$(inherited) @executable_path/Frameworks @loader_path/Frameworks";
				PRODUCT_NAME = "$(TARGET_NAME)";
				TEST_HOST = "$(BUILT_PRODUCTS_DIR)/BlogReader.app/BlogReader";
			};
			name = Release;
		};
/* End XCBuildConfiguration section */

/* Begin XCConfigurationList section */
		E4372F0619DFB457008F69F6 /* Build configuration list for PBXProject "BlogReader" */ = {
			isa = XCConfigurationList;
			buildConfigurations = (
				E4372F2F19DFB457008F69F6 /* Debug */,
				E4372F3019DFB457008F69F6 /* Release */,
			);
			defaultConfigurationIsVisible = 0;
			defaultConfigurationName = Release;
		};
		E4372F3119DFB457008F69F6 /* Build configuration list for PBXNativeTarget "BlogReader" */ = {
			isa = XCConfigurationList;
			buildConfigurations = (
				E4372F3219DFB457008F69F6 /* Debug */,
				E4372F3319DFB457008F69F6 /* Release */,
			);
			defaultConfigurationIsVisible = 0;
		};
		E4372F3419DFB457008F69F6 /* Build configuration list for PBXNativeTarget "BlogReaderTests" */ = {
			isa = XCConfigurationList;
			buildConfigurations = (
				E4372F3519DFB457008F69F6 /* Debug */,
				E4372F3619DFB457008F69F6 /* Release */,
			);
			defaultConfigurationIsVisible = 0;
		};
/* End XCConfigurationList section */
	};
	rootObject = E4372F0319DFB457008F69F6 /* Project object */;
}
